// !$*UTF8*$!
{
	archiveVersion = 1;
	classes = {
	};
	objectVersion = 46;
	objects = {

/* Begin PBXBuildFile section */
		036AF478CF75AAFB5DEA7FB5 /* BuildInfo.swift in Sources */ = {isa = PBXBuildFile; fileRef = 4A1688EFFF18F54591263E83 /* BuildInfo.swift */; };
		0A598F397C9AEE74874C11E9 /* NostrEvent.swift in Sources */ = {isa = PBXBuildFile; fileRef = FF7ED226721B177D7B10019F /* NostrEvent.swift */; };
		0E3575B6DE79F34B65A4A432 /* NostrSDK in Frameworks */ = {isa = PBXBuildFile; productRef = 59E558FB1537B2BB9887BF47 /* NostrSDK */; };
		0EECBE70601839C0C767B8D9 /* Foundation.framework in Frameworks */ = {isa = PBXBuildFile; fileRef = B7DCA10D1706E4ECB51229A1 /* Foundation.framework */; };
		22F0194CB038453564080AB7 /* KeySetupView.swift in Sources */ = {isa = PBXBuildFile; fileRef = DCE341280D0036BDD959D14A /* KeySetupView.swift */; };
		28D00FB754B6D60F21A529A2 /* NostrootsBrowserTests.swift in Sources */ = {isa = PBXBuildFile; fileRef = 9519273E43151D593A5FAA49 /* NostrootsBrowserTests.swift */; };
		2906BAC24A8459289883F08E /* NostrSDK in Frameworks */ = {isa = PBXBuildFile; productRef = 638E76486A363622779B4ED9 /* NostrSDK */; };
		2A805FFC1A89274099C1F4D0 /* NIP07Bridge.swift in Sources */ = {isa = PBXBuildFile; fileRef = 8D100B804DF33F49BC12EEA6 /* NIP07Bridge.swift */; };
		3267EEEFE06AFE0FCF6BD494 /* BIP39EnglishWordList.swift in Sources */ = {isa = PBXBuildFile; fileRef = 00B70637ECD05A3683C9F476 /* BIP39EnglishWordList.swift */; };
		33C4237CBBF984D8D4FCA15A /* Foundation.framework in Frameworks */ = {isa = PBXBuildFile; fileRef = B7DCA10D1706E4ECB51229A1 /* Foundation.framework */; };
		3F3F598F82790402AF511F91 /* NIP07PermissionStore.swift in Sources */ = {isa = PBXBuildFile; fileRef = BC8BBF7AD2F34ADAEE70498D /* NIP07PermissionStore.swift */; };
		462DC3A8631D77A4FD01EB61 /* KeyStore.swift in Sources */ = {isa = PBXBuildFile; fileRef = 8B9DE839C1E7298DF3582A76 /* KeyStore.swift */; };
		48B81E69D6438B4FDAF7787E /* KeyStore.swift in Sources */ = {isa = PBXBuildFile; fileRef = 8B9DE839C1E7298DF3582A76 /* KeyStore.swift */; };
		4B5442B004AF8FEF36381F1A /* Constants.swift in Sources */ = {isa = PBXBuildFile; fileRef = 035CB8BD9340A11907D7BFC5 /* Constants.swift */; };
		530091197E021116F8F25240 /* NostrEvent.swift in Sources */ = {isa = PBXBuildFile; fileRef = FF7ED226721B177D7B10019F /* NostrEvent.swift */; };
		58CC27FF77D36FB9D59C24DE /* NIP44Box.swift in Sources */ = {isa = PBXBuildFile; fileRef = E8B5360F6828CBF4A53FE376 /* NIP44Box.swift */; };
		65D69CBD828A31FACEDCC36F /* KeyImportParser.swift in Sources */ = {isa = PBXBuildFile; fileRef = 41649DB7EEF0E905A7BA9F7C /* KeyImportParser.swift */; };
		82B307D27C368B6447668BDA /* KeyImportParser.swift in Sources */ = {isa = PBXBuildFile; fileRef = 41649DB7EEF0E905A7BA9F7C /* KeyImportParser.swift */; };
		846D9FFC1F6E3930050B867F /* SettingsCopy.swift in Sources */ = {isa = PBXBuildFile; fileRef = CA8A2BDD89CC6C459DD3CD96 /* SettingsCopy.swift */; };
		87190EBB70033C0C524AD28A /* NIP44Box.swift in Sources */ = {isa = PBXBuildFile; fileRef = E8B5360F6828CBF4A53FE376 /* NIP44Box.swift */; };
		8D6A92E005468AF45A4FD1D9 /* Assets.xcassets in Resources */ = {isa = PBXBuildFile; fileRef = DA3170C24F471C71D962B1A4 /* Assets.xcassets */; };
		8F4300B366D3EA2383468804 /* Constants.swift in Sources */ = {isa = PBXBuildFile; fileRef = 035CB8BD9340A11907D7BFC5 /* Constants.swift */; };
		968C644A618530C90C9F9B8B /* NostrootsBrowserApp.swift in Sources */ = {isa = PBXBuildFile; fileRef = B856B31506FFB584329C8505 /* NostrootsBrowserApp.swift */; };
		9A5162289E8C3ED9DA7F132E /* NIP19.swift in Sources */ = {isa = PBXBuildFile; fileRef = 6FCCB7CA4E712E9DA7E392F2 /* NIP19.swift */; };
		ABF1DD2BF368820F94A238AA /* BIP39EnglishWordList.swift in Sources */ = {isa = PBXBuildFile; fileRef = 00B70637ECD05A3683C9F476 /* BIP39EnglishWordList.swift */; };
		B11C2C14CEA740830380D648 /* BrowserNavigationPolicy.swift in Sources */ = {isa = PBXBuildFile; fileRef = FE334C2E5F9B6257A1AAD5AE /* BrowserNavigationPolicy.swift */; };
		C55D178818681C2F09C23472 /* SettingsView.swift in Sources */ = {isa = PBXBuildFile; fileRef = 6FCF0923528278DB3C26733F /* SettingsView.swift */; };
		CE0992FA5B3663D3638E5D7A /* BuildInfo.swift in Sources */ = {isa = PBXBuildFile; fileRef = 4A1688EFFF18F54591263E83 /* BuildInfo.swift */; };
		D9C26B4B20BE3E2393D2498A /* SettingsCopy.swift in Sources */ = {isa = PBXBuildFile; fileRef = CA8A2BDD89CC6C459DD3CD96 /* SettingsCopy.swift */; };
		DCD1C2D6EA6EAF677168CABB /* BrowserAppModel.swift in Sources */ = {isa = PBXBuildFile; fileRef = 30B3DC8BCA576AAD0377F8E9 /* BrowserAppModel.swift */; };
		DCD630B0D1E69CA0F4A9E5E7 /* NIP07Bridge.swift in Sources */ = {isa = PBXBuildFile; fileRef = 8D100B804DF33F49BC12EEA6 /* NIP07Bridge.swift */; };
		DEA0C6585232D2E6E5CA6D5E /* Hex.swift in Sources */ = {isa = PBXBuildFile; fileRef = 2A9C14E7B9EFC907FAD2B896 /* Hex.swift */; };
		E0210745FA466865C68D46A9 /* NativeBrowserWebView.swift in Sources */ = {isa = PBXBuildFile; fileRef = 784A48E11415DF070F98C989 /* NativeBrowserWebView.swift */; };
		E1D782308D7D1B3AD84A4715 /* BrowserNavigationPolicy.swift in Sources */ = {isa = PBXBuildFile; fileRef = FE334C2E5F9B6257A1AAD5AE /* BrowserNavigationPolicy.swift */; };
		E3D4A09ED58F2954BADD9359 /* NostrootsBrowserRootView.swift in Sources */ = {isa = PBXBuildFile; fileRef = A54C8C802E9FCFAE06FE2CC0 /* NostrootsBrowserRootView.swift */; };
		F3418B529608165C2401A0BA /* NostrSDKCryptoProvider.swift in Sources */ = {isa = PBXBuildFile; fileRef = C7FF7FE95FDD44D386544786 /* NostrSDKCryptoProvider.swift */; };
		F89784EE367A2BE0440E2B3F /* NIP07PermissionStore.swift in Sources */ = {isa = PBXBuildFile; fileRef = BC8BBF7AD2F34ADAEE70498D /* NIP07PermissionStore.swift */; };
		FCBD83B651746624A7BBE867 /* Hex.swift in Sources */ = {isa = PBXBuildFile; fileRef = 2A9C14E7B9EFC907FAD2B896 /* Hex.swift */; };
		FF95E4B8D1774E60DAB73A71 /* NostrSDKCryptoProvider.swift in Sources */ = {isa = PBXBuildFile; fileRef = C7FF7FE95FDD44D386544786 /* NostrSDKCryptoProvider.swift */; };
		FFE1DA3A819B90CF5DC84E5E /* NIP19.swift in Sources */ = {isa = PBXBuildFile; fileRef = 6FCCB7CA4E712E9DA7E392F2 /* NIP19.swift */; };
/* End PBXBuildFile section */

/* Begin PBXContainerItemProxy section */
		3874B0A7AC98BCB61213FA82 /* PBXContainerItemProxy */ = {
			isa = PBXContainerItemProxy;
			containerPortal = 36CF37002629FF75271E0835 /* Project object */;
			proxyType = 1;
			remoteGlobalIDString = EE6BA191720F4B95D5CFB872;
			remoteInfo = NostrootsBrowser;
		};
/* End PBXContainerItemProxy section */

/* Begin PBXFileReference section */
		00B70637ECD05A3683C9F476 /* BIP39EnglishWordList.swift */ = {isa = PBXFileReference; includeInIndex = 1; lastKnownFileType = sourcecode.swift; name = BIP39EnglishWordList.swift; path = Crypto/BIP39EnglishWordList.swift; sourceTree = "<group>"; };
		035CB8BD9340A11907D7BFC5 /* Constants.swift */ = {isa = PBXFileReference; includeInIndex = 1; lastKnownFileType = sourcecode.swift; path = Constants.swift; sourceTree = "<group>"; };
		2A9C14E7B9EFC907FAD2B896 /* Hex.swift */ = {isa = PBXFileReference; includeInIndex = 1; lastKnownFileType = sourcecode.swift; name = Hex.swift; path = Crypto/Hex.swift; sourceTree = "<group>"; };
		30B3DC8BCA576AAD0377F8E9 /* BrowserAppModel.swift */ = {isa = PBXFileReference; includeInIndex = 1; lastKnownFileType = sourcecode.swift; path = BrowserAppModel.swift; sourceTree = "<group>"; };
		41649DB7EEF0E905A7BA9F7C /* KeyImportParser.swift */ = {isa = PBXFileReference; includeInIndex = 1; lastKnownFileType = sourcecode.swift; name = KeyImportParser.swift; path = Crypto/KeyImportParser.swift; sourceTree = "<group>"; };
		4A1688EFFF18F54591263E83 /* BuildInfo.swift */ = {isa = PBXFileReference; includeInIndex = 1; lastKnownFileType = sourcecode.swift; name = BuildInfo.swift; path = Services/BuildInfo.swift; sourceTree = "<group>"; };
		6FCCB7CA4E712E9DA7E392F2 /* NIP19.swift */ = {isa = PBXFileReference; includeInIndex = 1; lastKnownFileType = sourcecode.swift; name = NIP19.swift; path = Crypto/NIP19.swift; sourceTree = "<group>"; };
		6FCF0923528278DB3C26733F /* SettingsView.swift */ = {isa = PBXFileReference; includeInIndex = 1; lastKnownFileType = sourcecode.swift; path = SettingsView.swift; sourceTree = "<group>"; };
		784A48E11415DF070F98C989 /* NativeBrowserWebView.swift */ = {isa = PBXFileReference; includeInIndex = 1; lastKnownFileType = sourcecode.swift; path = NativeBrowserWebView.swift; sourceTree = "<group>"; };
		8152D8EB2CA3B30F0B9ABB5E /* NostrootsBrowserTests.xctest */ = {isa = PBXFileReference; explicitFileType = wrapper.cfbundle; includeInIndex = 0; path = NostrootsBrowserTests.xctest; sourceTree = BUILT_PRODUCTS_DIR; };
		8B9DE839C1E7298DF3582A76 /* KeyStore.swift */ = {isa = PBXFileReference; includeInIndex = 1; lastKnownFileType = sourcecode.swift; name = KeyStore.swift; path = Crypto/KeyStore.swift; sourceTree = "<group>"; };
		8D100B804DF33F49BC12EEA6 /* NIP07Bridge.swift */ = {isa = PBXFileReference; includeInIndex = 1; lastKnownFileType = sourcecode.swift; name = NIP07Bridge.swift; path = Bridge/NIP07Bridge.swift; sourceTree = "<group>"; };
		9519273E43151D593A5FAA49 /* NostrootsBrowserTests.swift */ = {isa = PBXFileReference; includeInIndex = 1; lastKnownFileType = sourcecode.swift; path = NostrootsBrowserTests.swift; sourceTree = "<group>"; };
		A54C8C802E9FCFAE06FE2CC0 /* NostrootsBrowserRootView.swift */ = {isa = PBXFileReference; includeInIndex = 1; lastKnownFileType = sourcecode.swift; path = NostrootsBrowserRootView.swift; sourceTree = "<group>"; };
		B7DCA10D1706E4ECB51229A1 /* Foundation.framework */ = {isa = PBXFileReference; lastKnownFileType = wrapper.framework; name = Foundation.framework; path = Platforms/iPhoneOS.platform/Developer/SDKs/iPhoneOS18.0.sdk/System/Library/Frameworks/Foundation.framework; sourceTree = DEVELOPER_DIR; };
		B856B31506FFB584329C8505 /* NostrootsBrowserApp.swift */ = {isa = PBXFileReference; includeInIndex = 1; lastKnownFileType = sourcecode.swift; path = NostrootsBrowserApp.swift; sourceTree = "<group>"; };
		BC8BBF7AD2F34ADAEE70498D /* NIP07PermissionStore.swift */ = {isa = PBXFileReference; includeInIndex = 1; lastKnownFileType = sourcecode.swift; name = NIP07PermissionStore.swift; path = Services/NIP07PermissionStore.swift; sourceTree = "<group>"; };
		C7FF7FE95FDD44D386544786 /* NostrSDKCryptoProvider.swift */ = {isa = PBXFileReference; includeInIndex = 1; lastKnownFileType = sourcecode.swift; name = NostrSDKCryptoProvider.swift; path = Crypto/NostrSDKCryptoProvider.swift; sourceTree = "<group>"; };
		CA8A2BDD89CC6C459DD3CD96 /* SettingsCopy.swift */ = {isa = PBXFileReference; includeInIndex = 1; lastKnownFileType = sourcecode.swift; name = SettingsCopy.swift; path = Services/SettingsCopy.swift; sourceTree = "<group>"; };
		CD8819AE296C13F1168EDAC2 /* NostrootsBrowser.app */ = {isa = PBXFileReference; explicitFileType = wrapper.application; includeInIndex = 0; path = NostrootsBrowser.app; sourceTree = BUILT_PRODUCTS_DIR; };
		DA3170C24F471C71D962B1A4 /* Assets.xcassets */ = {isa = PBXFileReference; includeInIndex = 1; lastKnownFileType = folder.assetcatalog; path = Assets.xcassets; sourceTree = "<group>"; };
		DCE341280D0036BDD959D14A /* KeySetupView.swift */ = {isa = PBXFileReference; includeInIndex = 1; lastKnownFileType = sourcecode.swift; path = KeySetupView.swift; sourceTree = "<group>"; };
		E8B5360F6828CBF4A53FE376 /* NIP44Box.swift */ = {isa = PBXFileReference; includeInIndex = 1; lastKnownFileType = sourcecode.swift; name = NIP44Box.swift; path = Crypto/NIP44Box.swift; sourceTree = "<group>"; };
		FE334C2E5F9B6257A1AAD5AE /* BrowserNavigationPolicy.swift */ = {isa = PBXFileReference; includeInIndex = 1; lastKnownFileType = sourcecode.swift; name = BrowserNavigationPolicy.swift; path = Services/BrowserNavigationPolicy.swift; sourceTree = "<group>"; };
		FF7ED226721B177D7B10019F /* NostrEvent.swift */ = {isa = PBXFileReference; includeInIndex = 1; lastKnownFileType = sourcecode.swift; name = NostrEvent.swift; path = Models/NostrEvent.swift; sourceTree = "<group>"; };
/* End PBXFileReference section */

/* Begin PBXFrameworksBuildPhase section */
		327573950173F31E5C7885F5 /* Frameworks */ = {
			isa = PBXFrameworksBuildPhase;
			buildActionMask = 2147483647;
			files = (
				33C4237CBBF984D8D4FCA15A /* Foundation.framework in Frameworks */,
				2906BAC24A8459289883F08E /* NostrSDK in Frameworks */,
			);
			runOnlyForDeploymentPostprocessing = 0;
		};
		C7B5028499195988A1E6D086 /* Frameworks */ = {
			isa = PBXFrameworksBuildPhase;
			buildActionMask = 2147483647;
			files = (
				0EECBE70601839C0C767B8D9 /* Foundation.framework in Frameworks */,
				0E3575B6DE79F34B65A4A432 /* NostrSDK in Frameworks */,
			);
			runOnlyForDeploymentPostprocessing = 0;
		};
/* End PBXFrameworksBuildPhase section */

/* Begin PBXGroup section */
		1D91F668ECA7C40A8C76A9D2 /* Products */ = {
			isa = PBXGroup;
			children = (
				CD8819AE296C13F1168EDAC2 /* NostrootsBrowser.app */,
				8152D8EB2CA3B30F0B9ABB5E /* NostrootsBrowserTests.xctest */,
			);
			name = Products;
			sourceTree = "<group>";
		};
		74109EE142CF311880BAB404 /* SharedCore */ = {
			isa = PBXGroup;
			children = (
				8D100B804DF33F49BC12EEA6 /* NIP07Bridge.swift */,
				035CB8BD9340A11907D7BFC5 /* Constants.swift */,
				00B70637ECD05A3683C9F476 /* BIP39EnglishWordList.swift */,
				2A9C14E7B9EFC907FAD2B896 /* Hex.swift */,
				41649DB7EEF0E905A7BA9F7C /* KeyImportParser.swift */,
				8B9DE839C1E7298DF3582A76 /* KeyStore.swift */,
				6FCCB7CA4E712E9DA7E392F2 /* NIP19.swift */,
				E8B5360F6828CBF4A53FE376 /* NIP44Box.swift */,
				C7FF7FE95FDD44D386544786 /* NostrSDKCryptoProvider.swift */,
				FF7ED226721B177D7B10019F /* NostrEvent.swift */,
				FE334C2E5F9B6257A1AAD5AE /* BrowserNavigationPolicy.swift */,
				4A1688EFFF18F54591263E83 /* BuildInfo.swift */,
				BC8BBF7AD2F34ADAEE70498D /* NIP07PermissionStore.swift */,
				CA8A2BDD89CC6C459DD3CD96 /* SettingsCopy.swift */,
			);
			name = SharedCore;
			path = SharedCore;
			sourceTree = "<group>";
		};
		9A602D9C6CDD31EE77F6D448 /* iOS */ = {
			isa = PBXGroup;
			children = (
				B7DCA10D1706E4ECB51229A1 /* Foundation.framework */,
			);
			name = iOS;
			sourceTree = "<group>";
		};
		9F6433B0BF57C37CA7B8CF52 /* NostrootsBrowserApp */ = {
			isa = PBXGroup;
			children = (
				30B3DC8BCA576AAD0377F8E9 /* BrowserAppModel.swift */,
				DCE341280D0036BDD959D14A /* KeySetupView.swift */,
				784A48E11415DF070F98C989 /* NativeBrowserWebView.swift */,
				B856B31506FFB584329C8505 /* NostrootsBrowserApp.swift */,
				A54C8C802E9FCFAE06FE2CC0 /* NostrootsBrowserRootView.swift */,
				6FCF0923528278DB3C26733F /* SettingsView.swift */,
				DA3170C24F471C71D962B1A4 /* Assets.xcassets */,
			);
			name = NostrootsBrowserApp;
			path = NostrootsBrowserApp;
			sourceTree = "<group>";
		};
		C286F88BB46CCA4F3C9DAE65 = {
			isa = PBXGroup;
			children = (
				1D91F668ECA7C40A8C76A9D2 /* Products */,
				FB67814F1C9281BFBB99097F /* Frameworks */,
				74109EE142CF311880BAB404 /* SharedCore */,
				9F6433B0BF57C37CA7B8CF52 /* NostrootsBrowserApp */,
				F3E69DF65FB88C08EB651EFB /* NostrootsBrowserTests */,
			);
			sourceTree = "<group>";
		};
		F3E69DF65FB88C08EB651EFB /* NostrootsBrowserTests */ = {
			isa = PBXGroup;
			children = (
				9519273E43151D593A5FAA49 /* NostrootsBrowserTests.swift */,
			);
			name = NostrootsBrowserTests;
			path = NostrootsBrowserTests;
			sourceTree = "<group>";
		};
		FB67814F1C9281BFBB99097F /* Frameworks */ = {
			isa = PBXGroup;
			children = (
				9A602D9C6CDD31EE77F6D448 /* iOS */,
			);
			name = Frameworks;
			sourceTree = "<group>";
		};
/* End PBXGroup section */

/* Begin PBXNativeTarget section */
		B6686B381E170B8B88E0FDDD /* NostrootsBrowserTests */ = {
			isa = PBXNativeTarget;
			buildConfigurationList = A935FA329345EF6E8F9FCE8A /* Build configuration list for PBXNativeTarget "NostrootsBrowserTests" */;
			buildPhases = (
				4B57A48785F810A64FF42FFA /* Sources */,
				C7B5028499195988A1E6D086 /* Frameworks */,
				A58E8B88903EB53D0CD9711F /* Resources */,
			);
			buildRules = (
			);
			dependencies = (
				8D5FCBEA138EA53A0D75000E /* PBXTargetDependency */,
			);
			name = NostrootsBrowserTests;
			packageProductDependencies = (
				59E558FB1537B2BB9887BF47 /* NostrSDK */,
			);
			productName = NostrootsBrowserTests;
			productReference = 8152D8EB2CA3B30F0B9ABB5E /* NostrootsBrowserTests.xctest */;
			productType = "com.apple.product-type.bundle.unit-test";
		};
		EE6BA191720F4B95D5CFB872 /* NostrootsBrowser */ = {
			isa = PBXNativeTarget;
			buildConfigurationList = 6A19E363DF7C558FB40D7E0C /* Build configuration list for PBXNativeTarget "NostrootsBrowser" */;
			buildPhases = (
				B00F1D6DA1BE4AAD517B4B20 /* Sources */,
				327573950173F31E5C7885F5 /* Frameworks */,
				8564D57CC3060919BF0AB684 /* Resources */,
				58E185154734CD1272E18B9F /* Stamp build time */,
			);
			buildRules = (
			);
			dependencies = (
			);
			name = NostrootsBrowser;
			packageProductDependencies = (
				638E76486A363622779B4ED9 /* NostrSDK */,
			);
			productName = NostrootsBrowser;
			productReference = CD8819AE296C13F1168EDAC2 /* NostrootsBrowser.app */;
			productType = "com.apple.product-type.application";
		};
/* End PBXNativeTarget section */

/* Begin PBXProject section */
		36CF37002629FF75271E0835 /* Project object */ = {
			isa = PBXProject;
			attributes = {
				LastSwiftUpdateCheck = 1600;
				LastUpgradeCheck = 1600;
			};
			buildConfigurationList = 475D0900A1CE5B2AC818E337 /* Build configuration list for PBXProject "NostrootsBrowser" */;
			compatibilityVersion = "Xcode 3.2";
			developmentRegion = en;
			hasScannedForEncodings = 0;
			knownRegions = (
				en,
				Base,
			);
			mainGroup = C286F88BB46CCA4F3C9DAE65;
			minimizedProjectReferenceProxies = 0;
			packageReferences = (
				347E4D78B64212C1CB31D377 /* XCRemoteSwiftPackageReference "nostr-sdk-ios" */,
			);
			preferredProjectObjectVersion = 77;
			productRefGroup = 1D91F668ECA7C40A8C76A9D2 /* Products */;
			projectDirPath = "";
			projectRoot = "";
			targets = (
				EE6BA191720F4B95D5CFB872 /* NostrootsBrowser */,
				B6686B381E170B8B88E0FDDD /* NostrootsBrowserTests */,
			);
		};
/* End PBXProject section */

/* Begin PBXResourcesBuildPhase section */
		8564D57CC3060919BF0AB684 /* Resources */ = {
			isa = PBXResourcesBuildPhase;
			buildActionMask = 2147483647;
			files = (
				8D6A92E005468AF45A4FD1D9 /* Assets.xcassets in Resources */,
			);
			runOnlyForDeploymentPostprocessing = 0;
		};
		A58E8B88903EB53D0CD9711F /* Resources */ = {
			isa = PBXResourcesBuildPhase;
			buildActionMask = 2147483647;
			files = (
			);
			runOnlyForDeploymentPostprocessing = 0;
		};
/* End PBXResourcesBuildPhase section */

/* Begin PBXShellScriptBuildPhase section */
		58E185154734CD1272E18B9F /* Stamp build time */ = {
			isa = PBXShellScriptBuildPhase;
			alwaysOutOfDate = 1;
			buildActionMask = 2147483647;
			files = (
			);
			inputFileListPaths = (
			);
			inputPaths = (
			);
			name = "Stamp build time";
			outputFileListPaths = (
			);
			outputPaths = (
			);
			runOnlyForDeploymentPostprocessing = 0;
			shellPath = /bin/sh;
			shellScript = "set -euo pipefail\nbuild_time=\"$(date '+%Y-%m-%d %H:%M')\"\nplist_path=\"${TARGET_BUILD_DIR}/${INFOPLIST_PATH}\"\n/usr/libexec/PlistBuddy -c \"Set :NRBuildTime ${build_time}\" \"${plist_path}\" 2>/dev/null || \\\n  /usr/libexec/PlistBuddy -c \"Add :NRBuildTime string ${build_time}\" \"${plist_path}\"\n";
			showEnvVarsInLog = 0;
		};
/* End PBXShellScriptBuildPhase section */

/* Begin PBXSourcesBuildPhase section */
		4B57A48785F810A64FF42FFA /* Sources */ = {
			isa = PBXSourcesBuildPhase;
			buildActionMask = 2147483647;
			files = (
				2A805FFC1A89274099C1F4D0 /* NIP07Bridge.swift in Sources */,
				8F4300B366D3EA2383468804 /* Constants.swift in Sources */,
				3267EEEFE06AFE0FCF6BD494 /* BIP39EnglishWordList.swift in Sources */,
				FCBD83B651746624A7BBE867 /* Hex.swift in Sources */,
				82B307D27C368B6447668BDA /* KeyImportParser.swift in Sources */,
				48B81E69D6438B4FDAF7787E /* KeyStore.swift in Sources */,
				9A5162289E8C3ED9DA7F132E /* NIP19.swift in Sources */,
				87190EBB70033C0C524AD28A /* NIP44Box.swift in Sources */,
				FF95E4B8D1774E60DAB73A71 /* NostrSDKCryptoProvider.swift in Sources */,
				530091197E021116F8F25240 /* NostrEvent.swift in Sources */,
				B11C2C14CEA740830380D648 /* BrowserNavigationPolicy.swift in Sources */,
				036AF478CF75AAFB5DEA7FB5 /* BuildInfo.swift in Sources */,
				F89784EE367A2BE0440E2B3F /* NIP07PermissionStore.swift in Sources */,
				846D9FFC1F6E3930050B867F /* SettingsCopy.swift in Sources */,
				28D00FB754B6D60F21A529A2 /* NostrootsBrowserTests.swift in Sources */,
			);
			runOnlyForDeploymentPostprocessing = 0;
		};
		B00F1D6DA1BE4AAD517B4B20 /* Sources */ = {
			isa = PBXSourcesBuildPhase;
			buildActionMask = 2147483647;
			files = (
				DCD630B0D1E69CA0F4A9E5E7 /* NIP07Bridge.swift in Sources */,
				4B5442B004AF8FEF36381F1A /* Constants.swift in Sources */,
				ABF1DD2BF368820F94A238AA /* BIP39EnglishWordList.swift in Sources */,
				DEA0C6585232D2E6E5CA6D5E /* Hex.swift in Sources */,
				65D69CBD828A31FACEDCC36F /* KeyImportParser.swift in Sources */,
				462DC3A8631D77A4FD01EB61 /* KeyStore.swift in Sources */,
				FFE1DA3A819B90CF5DC84E5E /* NIP19.swift in Sources */,
				58CC27FF77D36FB9D59C24DE /* NIP44Box.swift in Sources */,
				F3418B529608165C2401A0BA /* NostrSDKCryptoProvider.swift in Sources */,
				0A598F397C9AEE74874C11E9 /* NostrEvent.swift in Sources */,
				E1D782308D7D1B3AD84A4715 /* BrowserNavigationPolicy.swift in Sources */,
				CE0992FA5B3663D3638E5D7A /* BuildInfo.swift in Sources */,
				3F3F598F82790402AF511F91 /* NIP07PermissionStore.swift in Sources */,
				D9C26B4B20BE3E2393D2498A /* SettingsCopy.swift in Sources */,
				DCD1C2D6EA6EAF677168CABB /* BrowserAppModel.swift in Sources */,
				22F0194CB038453564080AB7 /* KeySetupView.swift in Sources */,
				E0210745FA466865C68D46A9 /* NativeBrowserWebView.swift in Sources */,
				968C644A618530C90C9F9B8B /* NostrootsBrowserApp.swift in Sources */,
				E3D4A09ED58F2954BADD9359 /* NostrootsBrowserRootView.swift in Sources */,
				C55D178818681C2F09C23472 /* SettingsView.swift in Sources */,
			);
			runOnlyForDeploymentPostprocessing = 0;
		};
/* End PBXSourcesBuildPhase section */

/* Begin PBXTargetDependency section */
		8D5FCBEA138EA53A0D75000E /* PBXTargetDependency */ = {
			isa = PBXTargetDependency;
			name = NostrootsBrowser;
			target = EE6BA191720F4B95D5CFB872 /* NostrootsBrowser */;
			targetProxy = 3874B0A7AC98BCB61213FA82 /* PBXContainerItemProxy */;
		};
/* End PBXTargetDependency section */

/* Begin XCBuildConfiguration section */
		0503EC479DCA4200B02ABB4A /* Debug */ = {
			isa = XCBuildConfiguration;
			buildSettings = {
				ASSETCATALOG_COMPILER_APPICON_NAME = AppIcon;
				ASSETCATALOG_COMPILER_GLOBAL_ACCENT_COLOR_NAME = AccentColor;
				CLANG_ENABLE_OBJC_WEAK = NO;
				CODE_SIGNING_ALLOWED = NO;
				CODE_SIGNING_REQUIRED = NO;
				CODE_SIGN_IDENTITY = "";
				ENABLE_USER_SCRIPT_SANDBOXING = NO;
				GENERATE_INFOPLIST_FILE = NO;
				INFOPLIST_FILE = NostrootsBrowserApp/Info.plist;
				IPHONEOS_DEPLOYMENT_TARGET = 17.0;
				LD_RUNPATH_SEARCH_PATHS = "$(inherited) @executable_path/Frameworks";
				PRODUCT_BUNDLE_IDENTIFIER = org.trustroots.nostroots.browser;
				PRODUCT_MODULE_NAME = NostrootsBrowser;
				PRODUCT_NAME = "Nostroots Browser";
				SDKROOT = iphoneos;
				SWIFT_VERSION = 5.0;
				TARGETED_DEVICE_FAMILY = "1,2";
			};
			name = Debug;
		};
		5A73CBF2C6DE2DF7295E0A68 /* Debug */ = {
			isa = XCBuildConfiguration;
			buildSettings = {
				CLANG_ENABLE_OBJC_WEAK = NO;
				CODE_SIGNING_ALLOWED = NO;
				CODE_SIGNING_REQUIRED = NO;
				CODE_SIGN_IDENTITY = "";
				GENERATE_INFOPLIST_FILE = YES;
				IPHONEOS_DEPLOYMENT_TARGET = 17.0;
				SDKROOT = iphoneos;
				SWIFT_VERSION = 5.0;
				TARGETED_DEVICE_FAMILY = "1,2";
			};
			name = Debug;
		};
		691B206C924EB4C3EFC0BF69 /* Release */ = {
			isa = XCBuildConfiguration;
			buildSettings = {
				CLANG_ENABLE_OBJC_WEAK = NO;
				CODE_SIGNING_ALLOWED = NO;
				CODE_SIGNING_REQUIRED = NO;
				CODE_SIGN_IDENTITY = "";
				GENERATE_INFOPLIST_FILE = YES;
				IPHONEOS_DEPLOYMENT_TARGET = 17.0;
				SDKROOT = iphoneos;
				SWIFT_VERSION = 5.0;
				TARGETED_DEVICE_FAMILY = "1,2";
				VALIDATE_PRODUCT = YES;
			};
			name = Release;
		};
		6DEEE6F4CE55BF0B0DCA8067 /* Release */ = {
			isa = XCBuildConfiguration;
			buildSettings = {
				ALWAYS_SEARCH_USER_PATHS = NO;
				CLANG_ANALYZER_NONNULL = YES;
				CLANG_ANALYZER_NUMBER_OBJECT_CONVERSION = YES_AGGRESSIVE;
				CLANG_CXX_LANGUAGE_STANDARD = "gnu++14";
				CLANG_CXX_LIBRARY = "libc++";
				CLANG_ENABLE_MODULES = YES;
				CLANG_ENABLE_OBJC_ARC = YES;
				CLANG_ENABLE_OBJC_WEAK = YES;
				CLANG_WARN_BLOCK_CAPTURE_AUTORELEASING = YES;
				CLANG_WARN_BOOL_CONVERSION = YES;
				CLANG_WARN_COMMA = YES;
				CLANG_WARN_CONSTANT_CONVERSION = YES;
				CLANG_WARN_DEPRECATED_OBJC_IMPLEMENTATIONS = YES;
				CLANG_WARN_DIRECT_OBJC_ISA_USAGE = YES_ERROR;
				CLANG_WARN_DOCUMENTATION_COMMENTS = YES;
				CLANG_WARN_EMPTY_BODY = YES;
				CLANG_WARN_ENUM_CONVERSION = YES;
				CLANG_WARN_INFINITE_RECURSION = YES;
				CLANG_WARN_INT_CONVERSION = YES;
				CLANG_WARN_NON_LITERAL_NULL_CONVERSION = YES;
				CLANG_WARN_OBJC_IMPLICIT_RETAIN_SELF = YES;
				CLANG_WARN_OBJC_LITERAL_CONVERSION = YES;
				CLANG_WARN_OBJC_ROOT_CLASS = YES_ERROR;
				CLANG_WARN_QUOTED_INCLUDE_IN_FRAMEWORK_HEADER = YES;
				CLANG_WARN_RANGE_LOOP_ANALYSIS = YES;
				CLANG_WARN_STRICT_PROTOTYPES = YES;
				CLANG_WARN_SUSPICIOUS_MOVE = YES;
				CLANG_WARN_UNGUARDED_AVAILABILITY = YES_AGGRESSIVE;
				CLANG_WARN_UNREACHABLE_CODE = YES;
				CLANG_WARN__DUPLICATE_METHOD_MATCH = YES;
				COPY_PHASE_STRIP = NO;
				DEBUG_INFORMATION_FORMAT = "dwarf-with-dsym";
				ENABLE_NS_ASSERTIONS = NO;
				ENABLE_STRICT_OBJC_MSGSEND = YES;
				GCC_C_LANGUAGE_STANDARD = gnu11;
				GCC_NO_COMMON_BLOCKS = YES;
				GCC_WARN_64_TO_32_BIT_CONVERSION = YES;
				GCC_WARN_ABOUT_RETURN_TYPE = YES_ERROR;
				GCC_WARN_UNDECLARED_SELECTOR = YES;
				GCC_WARN_UNINITIALIZED_AUTOS = YES_AGGRESSIVE;
				GCC_WARN_UNUSED_FUNCTION = YES;
				GCC_WARN_UNUSED_VARIABLE = YES;
				IPHONEOS_DEPLOYMENT_TARGET = 17.0;
				MTL_ENABLE_DEBUG_INFO = NO;
				MTL_FAST_MATH = YES;
				PRODUCT_NAME = "$(TARGET_NAME)";
				SWIFT_COMPILATION_MODE = wholemodule;
				SWIFT_OPTIMIZATION_LEVEL = "-O";
				SWIFT_VERSION = 5.0;
			};
			name = Release;
		};
		781EBA733481E843E5DC5D6C /* Debug */ = {
			isa = XCBuildConfiguration;
			buildSettings = {
				ALWAYS_SEARCH_USER_PATHS = NO;
				CLANG_ANALYZER_NONNULL = YES;
				CLANG_ANALYZER_NUMBER_OBJECT_CONVERSION = YES_AGGRESSIVE;
				CLANG_CXX_LANGUAGE_STANDARD = "gnu++14";
				CLANG_CXX_LIBRARY = "libc++";
				CLANG_ENABLE_MODULES = YES;
				CLANG_ENABLE_OBJC_ARC = YES;
				CLANG_ENABLE_OBJC_WEAK = YES;
				CLANG_WARN_BLOCK_CAPTURE_AUTORELEASING = YES;
				CLANG_WARN_BOOL_CONVERSION = YES;
				CLANG_WARN_COMMA = YES;
				CLANG_WARN_CONSTANT_CONVERSION = YES;
				CLANG_WARN_DEPRECATED_OBJC_IMPLEMENTATIONS = YES;
				CLANG_WARN_DIRECT_OBJC_ISA_USAGE = YES_ERROR;
				CLANG_WARN_DOCUMENTATION_COMMENTS = YES;
				CLANG_WARN_EMPTY_BODY = YES;
				CLANG_WARN_ENUM_CONVERSION = YES;
				CLANG_WARN_INFINITE_RECURSION = YES;
				CLANG_WARN_INT_CONVERSION = YES;
				CLANG_WARN_NON_LITERAL_NULL_CONVERSION = YES;
				CLANG_WARN_OBJC_IMPLICIT_RETAIN_SELF = YES;
				CLANG_WARN_OBJC_LITERAL_CONVERSION = YES;
				CLANG_WARN_OBJC_ROOT_CLASS = YES_ERROR;
				CLANG_WARN_QUOTED_INCLUDE_IN_FRAMEWORK_HEADER = YES;
				CLANG_WARN_RANGE_LOOP_ANALYSIS = YES;
				CLANG_WARN_STRICT_PROTOTYPES = YES;
				CLANG_WARN_SUSPICIOUS_MOVE = YES;
				CLANG_WARN_UNGUARDED_AVAILABILITY = YES_AGGRESSIVE;
				CLANG_WARN_UNREACHABLE_CODE = YES;
				CLANG_WARN__DUPLICATE_METHOD_MATCH = YES;
				COPY_PHASE_STRIP = NO;
				DEBUG_INFORMATION_FORMAT = dwarf;
				ENABLE_STRICT_OBJC_MSGSEND = YES;
				ENABLE_TESTABILITY = YES;
				GCC_C_LANGUAGE_STANDARD = gnu11;
				GCC_DYNAMIC_NO_PIC = NO;
				GCC_NO_COMMON_BLOCKS = YES;
				GCC_OPTIMIZATION_LEVEL = 0;
				GCC_PREPROCESSOR_DEFINITIONS = (
					"DEBUG=1",
					"$(inherited)",
				);
				GCC_WARN_64_TO_32_BIT_CONVERSION = YES;
				GCC_WARN_ABOUT_RETURN_TYPE = YES_ERROR;
				GCC_WARN_UNDECLARED_SELECTOR = YES;
				GCC_WARN_UNINITIALIZED_AUTOS = YES_AGGRESSIVE;
				GCC_WARN_UNUSED_FUNCTION = YES;
				GCC_WARN_UNUSED_VARIABLE = YES;
				IPHONEOS_DEPLOYMENT_TARGET = 17.0;
				MTL_ENABLE_DEBUG_INFO = INCLUDE_SOURCE;
				MTL_FAST_MATH = YES;
				ONLY_ACTIVE_ARCH = YES;
				PRODUCT_NAME = "$(TARGET_NAME)";
				SWIFT_ACTIVE_COMPILATION_CONDITIONS = DEBUG;
				SWIFT_OPTIMIZATION_LEVEL = "-Onone";
				SWIFT_VERSION = 5.0;
			};
			name = Debug;
		};
		B02E9ADCB5FF299C1F04D536 /* Release */ = {
			isa = XCBuildConfiguration;
			buildSettings = {
				ASSETCATALOG_COMPILER_APPICON_NAME = AppIcon;
				ASSETCATALOG_COMPILER_GLOBAL_ACCENT_COLOR_NAME = AccentColor;
				CLANG_ENABLE_OBJC_WEAK = NO;
				CODE_SIGNING_ALLOWED = NO;
				CODE_SIGNING_REQUIRED = NO;
				CODE_SIGN_IDENTITY = "";
				ENABLE_USER_SCRIPT_SANDBOXING = NO;
				GENERATE_INFOPLIST_FILE = NO;
				INFOPLIST_FILE = NostrootsBrowserApp/Info.plist;
				IPHONEOS_DEPLOYMENT_TARGET = 17.0;
				LD_RUNPATH_SEARCH_PATHS = "$(inherited) @executable_path/Frameworks";
				PRODUCT_BUNDLE_IDENTIFIER = org.trustroots.nostroots.browser;
				PRODUCT_MODULE_NAME = NostrootsBrowser;
				PRODUCT_NAME = "Nostroots Browser";
				SDKROOT = iphoneos;
				SWIFT_VERSION = 5.0;
				TARGETED_DEVICE_FAMILY = "1,2";
				VALIDATE_PRODUCT = YES;
			};
			name = Release;
		};
/* End XCBuildConfiguration section */

/* Begin XCConfigurationList section */
		475D0900A1CE5B2AC818E337 /* Build configuration list for PBXProject "NostrootsBrowser" */ = {
			isa = XCConfigurationList;
			buildConfigurations = (
				781EBA733481E843E5DC5D6C /* Debug */,
				6DEEE6F4CE55BF0B0DCA8067 /* Release */,
			);
			defaultConfigurationIsVisible = 0;
			defaultConfigurationName = Release;
		};
		6A19E363DF7C558FB40D7E0C /* Build configuration list for PBXNativeTarget "NostrootsBrowser" */ = {
			isa = XCConfigurationList;
			buildConfigurations = (
				B02E9ADCB5FF299C1F04D536 /* Release */,
				0503EC479DCA4200B02ABB4A /* Debug */,
			);
			defaultConfigurationIsVisible = 0;
			defaultConfigurationName = Release;
		};
		A935FA329345EF6E8F9FCE8A /* Build configuration list for PBXNativeTarget "NostrootsBrowserTests" */ = {
			isa = XCConfigurationList;
			buildConfigurations = (
				691B206C924EB4C3EFC0BF69 /* Release */,
				5A73CBF2C6DE2DF7295E0A68 /* Debug */,
			);
			defaultConfigurationIsVisible = 0;
			defaultConfigurationName = Release;
		};
/* End XCConfigurationList section */

/* Begin XCRemoteSwiftPackageReference section */
		347E4D78B64212C1CB31D377 /* XCRemoteSwiftPackageReference "nostr-sdk-ios" */ = {
			isa = XCRemoteSwiftPackageReference;
			repositoryURL = "https://github.com/nostr-sdk/nostr-sdk-ios.git";
			requirement = {
				kind = revision;
				revision = e5855cbd3bdabf44075fd2abdf76f63bac4cbd5f;
			};
		};
/* End XCRemoteSwiftPackageReference section */

/* Begin XCSwiftPackageProductDependency section */
		59E558FB1537B2BB9887BF47 /* NostrSDK */ = {
			isa = XCSwiftPackageProductDependency;
			package = 347E4D78B64212C1CB31D377 /* XCRemoteSwiftPackageReference "nostr-sdk-ios" */;
			productName = NostrSDK;
		};
		638E76486A363622779B4ED9 /* NostrSDK */ = {
			isa = XCSwiftPackageProductDependency;
			package = 347E4D78B64212C1CB31D377 /* XCRemoteSwiftPackageReference "nostr-sdk-ios" */;
			productName = NostrSDK;
		};
/* End XCSwiftPackageProductDependency section */
	};
	rootObject = 36CF37002629FF75271E0835 /* Project object */;
}
