{
  "version": "4",
  "specifiers": {
    "npm:zod@^3.23.8": "3.23.8"
  },
  "npm": {
    "zod@3.23.8": {
      "integrity": "sha512-XBx9AXhXktjUqnepgTiE5flcKIYWi/rme0Eaj+5Y0lftuGBq+jyRu/md4WnuxqgP1ubdpNCsYEYPxrzVHD8d6g=="
    }
  },
  "workspace": {
    "dependencies": [
      "npm:zod@^3.23.8"
    ]
  }
}
